
Microsoft Visual Studio Solution File, Format Version 12.00
# Visual Studio Version 17
VisualStudioVersion = 17.1.32228.430
MinimumVisualStudioVersion = 10.0.40219.1
Project("{FAE04EC0-301F-11D3-BF4B-00C04F79EFBC}") = "TaxiManagmentApplication", "TaxiManagmentApplication\TaxiManagmentApplication.csproj", "{329DADD8-8318-4D90-8FB7-373B3144A8F3}"
EndProject
Global
	GlobalSection(SolutionConfigurationPlatforms) = preSolution
		Debug|Any CPU = Debug|Any CPU
		Release|Any CPU = Release|Any CPU
	EndGlobalSection
	GlobalSection(ProjectConfigurationPlatforms) = postSolution
		{329DADD8-8318-4D90-8FB7-373B3144A8F3}.Debug|Any CPU.ActiveCfg = Debug|Any CPU
		{329DADD8-8318-4D90-8FB7-373B3144A8F3}.Debug|Any CPU.Build.0 = Debug|Any CPU
		{329DADD8-8318-4D90-8FB7-373B3144A8F3}.Release|Any CPU.ActiveCfg = Release|Any CPU
		{329DADD8-8318-4D90-8FB7-373B3144A8F3}.Release|Any CPU.Build.0 = Release|Any CPU
	EndGlobalSection
	GlobalSection(SolutionProperties) = preSolution
		HideSolutionNode = FALSE
	EndGlobalSection
	GlobalSection(ExtensibilityGlobals) = postSolution
		SolutionGuid = {94E736E6-B4A9-4D7E-A24D-C37245949029}
	EndGlobalSection
EndGlobal
